
Microsoft Visual Studio Solution File, Format Version 12.00
# Visual Studio Version 16
VisualStudioVersion = 16.0.31025.194
MinimumVisualStudioVersion = 10.0.40219.1
Project("{FAE04EC0-301F-11D3-BF4B-00C04F79EFBC}") = "Desafio02", "Desafio02\Desafio02.csproj", "{9B4FBD90-69C4-4D79-965E-B994C8122076}"
EndProject
Global
	GlobalSection(SolutionConfigurationPlatforms) = preSolution
		Debug|Any CPU = Debug|Any CPU
		Release|Any CPU = Release|Any CPU
	EndGlobalSection
	GlobalSection(ProjectConfigurationPlatforms) = postSolution
		{9B4FBD90-69C4-4D79-965E-B994C8122076}.Debug|Any CPU.ActiveCfg = Debug|Any CPU
		{9B4FBD90-69C4-4D79-965E-B994C8122076}.Debug|Any CPU.Build.0 = Debug|Any CPU
		{9B4FBD90-69C4-4D79-965E-B994C8122076}.Release|Any CPU.ActiveCfg = Release|Any CPU
		{9B4FBD90-69C4-4D79-965E-B994C8122076}.Release|Any CPU.Build.0 = Release|Any CPU
	EndGlobalSection
	GlobalSection(SolutionProperties) = preSolution
		HideSolutionNode = FALSE
	EndGlobalSection
	GlobalSection(ExtensibilityGlobals) = postSolution
		SolutionGuid = {73B7D31A-E090-4214-9950-F0D95ED5A94B}
	EndGlobalSection
EndGlobal
